PODS:
  - CAAnimationBlocks (0.0.1)
  - Masonry (1.1.0)
  - pop (1.0.12)
  - RBBAnimation (0.4.0)
  - SDWebImage (4.4.3):
    - SDWebImage/Core (= 4.4.3)
  - SDWebImage/Core (4.4.3)
  - SVProgressHUD (2.0.4)
  - YYKit (1.0.9):
    - YYKit/no-arc (= 1.0.9)
  - YYKit/no-arc (1.0.9)

DEPENDENCIES:
  - CAAnimationBlocks (~> 0.0.1)
  - Masonry
  - pop (~> 1.0.9)
  - RBBAnimation (~> 0.4.0)
  - SDWebImage
  - SVProgressHUD (~> 2.0.3)
  - YYKit

SPEC REPOS:
  https://github.com/CocoaPods/Specs.git:
    - CAAnimationBlocks
    - Masonry
    - pop
    - RBBAnimation
    - SDWebImage
    - SVProgressHUD
    - YYKit

SPEC CHECKSUMS:
  CAAnimationBlocks: 1aaca5fb6447a95d83b20cc786992956ef46e4ee
  Masonry: 678fab65091a9290e40e2832a55e7ab731aad201
  pop: d582054913807fd11fd50bfe6a539d91c7e1a55a
  RBBAnimation: 4b2d66f6d993febce63cd564da934985313b9c59
  SDWebImage: c5594f1a19c48d526d321e548902b56b479cd508
  SVProgressHUD: bfde85ed6c573ea802b9cb37894ed9b629034f1b
  YYKit: 7cda43304a8dc3696c449041e2cb3107b4e236e7

PODFILE CHECKSUM: f69da828fc6047380914ffeeb2d73af848007021

COCOAPODS: 1.5.0
