// !$*UTF8*$!
{
	archiveVersion = 1;
	classes = {
	};
	objectVersion = 46;
	objects = {

/* Begin PBXBuildFile section */
		100C5EAF1D40E70B00C44402 /* LKMacros.h in Headers */ = {isa = PBXBuildFile; fileRef = 1014EC751D40C097000D5007 /* LKMacros.h */; settings = {ATTRIBUTES = (Public, ); }; };
		100C5EB41D40E70B00C44402 /* LKKit.h in Headers */ = {isa = PBXBuildFile; fileRef = 1014EC3E1D40BEEE000D5007 /* LKKit.h */; settings = {ATTRIBUTES = (Public, ); }; };
		1054D1CC1D41BFB9006EF700 /* NSData+AES.h in Headers */ = {isa = PBXBuildFile; fileRef = 1054D1BB1D41BFB9006EF700 /* NSData+AES.h */; };
		1054D1CD1D41BFB9006EF700 /* NSData+AES.m in Sources */ = {isa = PBXBuildFile; fileRef = 1054D1BC1D41BFB9006EF700 /* NSData+AES.m */; };
		1054D1D01D41BFB9006EF700 /* LSYReminderPatternView.h in Headers */ = {isa = PBXBuildFile; fileRef = 1054D1C01D41BFB9006EF700 /* LSYReminderPatternView.h */; };
		1054D1D11D41BFB9006EF700 /* LSYReminderPatternView.m in Sources */ = {isa = PBXBuildFile; fileRef = 1054D1C11D41BFB9006EF700 /* LSYReminderPatternView.m */; };
		1054D1D21D41BFB9006EF700 /* LSYReminderTextView.h in Headers */ = {isa = PBXBuildFile; fileRef = 1054D1C21D41BFB9006EF700 /* LSYReminderTextView.h */; };
		1054D1D31D41BFB9006EF700 /* LSYReminderTextView.m in Sources */ = {isa = PBXBuildFile; fileRef = 1054D1C31D41BFB9006EF700 /* LSYReminderTextView.m */; };
		1054D1D41D41BFB9006EF700 /* LVHUD.h in Headers */ = {isa = PBXBuildFile; fileRef = 1054D1C41D41BFB9006EF700 /* LVHUD.h */; };
		1054D1D51D41BFB9006EF700 /* LVHUD.m in Sources */ = {isa = PBXBuildFile; fileRef = 1054D1C51D41BFB9006EF700 /* LVHUD.m */; };
		1054D1D61D41BFB9006EF700 /* ReminderHUD.h in Headers */ = {isa = PBXBuildFile; fileRef = 1054D1C61D41BFB9006EF700 /* ReminderHUD.h */; };
		1054D1D71D41BFB9006EF700 /* ReminderHUD.m in Sources */ = {isa = PBXBuildFile; fileRef = 1054D1C71D41BFB9006EF700 /* ReminderHUD.m */; };
		1054D1D81D41BFB9006EF700 /* LVUIUtils.h in Headers */ = {isa = PBXBuildFile; fileRef = 1054D1C81D41BFB9006EF700 /* LVUIUtils.h */; };
		1054D1D91D41BFB9006EF700 /* LVUIUtils.m in Sources */ = {isa = PBXBuildFile; fileRef = 1054D1C91D41BFB9006EF700 /* LVUIUtils.m */; };
		1054D1DA1D41BFB9006EF700 /* UnDeallocModels.h in Headers */ = {isa = PBXBuildFile; fileRef = 1054D1CA1D41BFB9006EF700 /* UnDeallocModels.h */; };
		1054D1DB1D41BFB9006EF700 /* UnDeallocModels.m in Sources */ = {isa = PBXBuildFile; fileRef = 1054D1CB1D41BFB9006EF700 /* UnDeallocModels.m */; };
		1054D2111D41BFC5006EF700 /* LVBottomSheetView.h in Headers */ = {isa = PBXBuildFile; fileRef = 1054D1DE1D41BFC5006EF700 /* LVBottomSheetView.h */; };
		1054D2121D41BFC5006EF700 /* LVBottomSheetView.m in Sources */ = {isa = PBXBuildFile; fileRef = 1054D1DF1D41BFC5006EF700 /* LVBottomSheetView.m */; };
		1054D2131D41BFC5006EF700 /* LVConnectStatusInfoView.h in Headers */ = {isa = PBXBuildFile; fileRef = 1054D1E11D41BFC5006EF700 /* LVConnectStatusInfoView.h */; };
		1054D2141D41BFC5006EF700 /* LVConnectStatusInfoView.m in Sources */ = {isa = PBXBuildFile; fileRef = 1054D1E21D41BFC5006EF700 /* LVConnectStatusInfoView.m */; };
		1054D2151D41BFC5006EF700 /* LVGrowingTextView.h in Headers */ = {isa = PBXBuildFile; fileRef = 1054D1E41D41BFC5006EF700 /* LVGrowingTextView.h */; };
		1054D2161D41BFC5006EF700 /* LVGrowingTextView.m in Sources */ = {isa = PBXBuildFile; fileRef = 1054D1E51D41BFC5006EF700 /* LVGrowingTextView.m */; };
		1054D2171D41BFC5006EF700 /* LSYHeaderMenuSubView.h in Headers */ = {isa = PBXBuildFile; fileRef = 1054D1E71D41BFC5006EF700 /* LSYHeaderMenuSubView.h */; };
		1054D2181D41BFC5006EF700 /* LSYHeaderMenuSubView.m in Sources */ = {isa = PBXBuildFile; fileRef = 1054D1E81D41BFC5006EF700 /* LSYHeaderMenuSubView.m */; };
		1054D2191D41BFC5006EF700 /* LSYHeaderMenuView.h in Headers */ = {isa = PBXBuildFile; fileRef = 1054D1E91D41BFC5006EF700 /* LSYHeaderMenuView.h */; };
		1054D21A1D41BFC5006EF700 /* LSYHeaderMenuView.m in Sources */ = {isa = PBXBuildFile; fileRef = 1054D1EA1D41BFC5006EF700 /* LSYHeaderMenuView.m */; };
		1054D21B1D41BFC5006EF700 /* LSYZoomableLabel.h in Headers */ = {isa = PBXBuildFile; fileRef = 1054D1EB1D41BFC5006EF700 /* LSYZoomableLabel.h */; };
		1054D21C1D41BFC5006EF700 /* LSYZoomableLabel.m in Sources */ = {isa = PBXBuildFile; fileRef = 1054D1EC1D41BFC5006EF700 /* LSYZoomableLabel.m */; };
		1054D21D1D41BFC5006EF700 /* LSYNLineView.h in Headers */ = {isa = PBXBuildFile; fileRef = 1054D1EE1D41BFC5006EF700 /* LSYNLineView.h */; };
		1054D21E1D41BFC5006EF700 /* LSYNLineView.m in Sources */ = {isa = PBXBuildFile; fileRef = 1054D1EF1D41BFC5006EF700 /* LSYNLineView.m */; };
		1054D21F1D41BFC5006EF700 /* LVLineView.h in Headers */ = {isa = PBXBuildFile; fileRef = 1054D1F01D41BFC5006EF700 /* LVLineView.h */; };
		1054D2201D41BFC5006EF700 /* LVLineView.m in Sources */ = {isa = PBXBuildFile; fileRef = 1054D1F11D41BFC5006EF700 /* LVLineView.m */; };
		1054D2211D41BFC5006EF700 /* LVHourGlassView.h in Headers */ = {isa = PBXBuildFile; fileRef = 1054D1F31D41BFC5006EF700 /* LVHourGlassView.h */; };
		1054D2221D41BFC5006EF700 /* LVHourGlassView.m in Sources */ = {isa = PBXBuildFile; fileRef = 1054D1F41D41BFC5006EF700 /* LVHourGlassView.m */; };
		1054D2231D41BFC5006EF700 /* LVLoadingAnimation.h in Headers */ = {isa = PBXBuildFile; fileRef = 1054D1F51D41BFC5006EF700 /* LVLoadingAnimation.h */; };
		1054D2241D41BFC5006EF700 /* LVLoadingAnimation.m in Sources */ = {isa = PBXBuildFile; fileRef = 1054D1F61D41BFC5006EF700 /* LVLoadingAnimation.m */; };
		1054D2251D41BFC5006EF700 /* LVLoadingView.h in Headers */ = {isa = PBXBuildFile; fileRef = 1054D1F71D41BFC5006EF700 /* LVLoadingView.h */; };
		1054D2261D41BFC5006EF700 /* LVLoadingView.m in Sources */ = {isa = PBXBuildFile; fileRef = 1054D1F81D41BFC5006EF700 /* LVLoadingView.m */; };
		1054D2271D41BFC5006EF700 /* LVSpringIndicator.h in Headers */ = {isa = PBXBuildFile; fileRef = 1054D1F91D41BFC5006EF700 /* LVSpringIndicator.h */; };
		1054D2281D41BFC5006EF700 /* LVSpringIndicator.m in Sources */ = {isa = PBXBuildFile; fileRef = 1054D1FA1D41BFC5006EF700 /* LVSpringIndicator.m */; };
		1054D2291D41BFC5006EF700 /* LSYNavigationBar.h in Headers */ = {isa = PBXBuildFile; fileRef = 1054D1FC1D41BFC5006EF700 /* LSYNavigationBar.h */; };
		1054D22A1D41BFC5006EF700 /* LSYNavigationBar.m in Sources */ = {isa = PBXBuildFile; fileRef = 1054D1FD1D41BFC5006EF700 /* LSYNavigationBar.m */; };
		1054D22B1D41BFC5006EF700 /* LSYPopupBaseView.h in Headers */ = {isa = PBXBuildFile; fileRef = 1054D1FF1D41BFC5006EF700 /* LSYPopupBaseView.h */; };
		1054D22C1D41BFC5006EF700 /* LSYPopupBaseView.m in Sources */ = {isa = PBXBuildFile; fileRef = 1054D2001D41BFC5006EF700 /* LSYPopupBaseView.m */; };
		1054D22D1D41BFC5006EF700 /* LSYShowAnimation.h in Headers */ = {isa = PBXBuildFile; fileRef = 1054D2011D41BFC5006EF700 /* LSYShowAnimation.h */; };
		1054D22E1D41BFC5006EF700 /* LSYShowAnimation.m in Sources */ = {isa = PBXBuildFile; fileRef = 1054D2021D41BFC5006EF700 /* LSYShowAnimation.m */; };
		1054D22F1D41BFC5006EF700 /* LSYRoundImageView.h in Headers */ = {isa = PBXBuildFile; fileRef = 1054D2041D41BFC5006EF700 /* LSYRoundImageView.h */; };
		1054D2301D41BFC5006EF700 /* LSYRoundImageView.m in Sources */ = {isa = PBXBuildFile; fileRef = 1054D2051D41BFC5006EF700 /* LSYRoundImageView.m */; };
		1054D2311D41BFC5006EF700 /* LSYSectionHeaderView.h in Headers */ = {isa = PBXBuildFile; fileRef = 1054D2071D41BFC5006EF700 /* LSYSectionHeaderView.h */; };
		1054D2321D41BFC5006EF700 /* LSYSectionHeaderView.m in Sources */ = {isa = PBXBuildFile; fileRef = 1054D2081D41BFC5006EF700 /* LSYSectionHeaderView.m */; };
		1054D2331D41BFC5006EF700 /* LVReminderTextView.h in Headers */ = {isa = PBXBuildFile; fileRef = 1054D20A1D41BFC5006EF700 /* LVReminderTextView.h */; };
		1054D2341D41BFC5006EF700 /* LVReminderTextView.m in Sources */ = {isa = PBXBuildFile; fileRef = 1054D20B1D41BFC5006EF700 /* LVReminderTextView.m */; };
		1054D2351D41BFC5006EF700 /* LVShowPopViewHandler.h in Headers */ = {isa = PBXBuildFile; fileRef = 1054D20C1D41BFC5006EF700 /* LVShowPopViewHandler.h */; };
		1054D2361D41BFC5006EF700 /* LVShowPopViewHandler.m in Sources */ = {isa = PBXBuildFile; fileRef = 1054D20D1D41BFC5006EF700 /* LVShowPopViewHandler.m */; };
		1054D23A1D41C15C006EF700 /* UIKit.framework in Frameworks */ = {isa = PBXBuildFile; fileRef = 1054D2391D41C15C006EF700 /* UIKit.framework */; };
		1054D23D1D41C2C1006EF700 /* LSYConstance.h in Headers */ = {isa = PBXBuildFile; fileRef = 1054D23B1D41C2C1006EF700 /* LSYConstance.h */; };
		1054D23E1D41C2C1006EF700 /* LSYConstance.m in Sources */ = {isa = PBXBuildFile; fileRef = 1054D23C1D41C2C1006EF700 /* LSYConstance.m */; };
		10F83CA01D66AA0100DA4706 /* FTCoreTextViewStyleDefine.h in Headers */ = {isa = PBXBuildFile; fileRef = 10F83C9B1D66AA0100DA4706 /* FTCoreTextViewStyleDefine.h */; };
		10F83CA11D66AA0100DA4706 /* FTCoreTextViewStyleDefine.m in Sources */ = {isa = PBXBuildFile; fileRef = 10F83C9C1D66AA0100DA4706 /* FTCoreTextViewStyleDefine.m */; };
		10F83CA21D66AA0100DA4706 /* LSYAlertView.h in Headers */ = {isa = PBXBuildFile; fileRef = 10F83C9E1D66AA0100DA4706 /* LSYAlertView.h */; };
		10F83CA31D66AA0100DA4706 /* LSYAlertView.m in Sources */ = {isa = PBXBuildFile; fileRef = 10F83C9F1D66AA0100DA4706 /* LSYAlertView.m */; };
		10F8B8AD1D41F7E400010A08 /* NSDate+Utilities.h in Headers */ = {isa = PBXBuildFile; fileRef = 10F8B88F1D41F7E400010A08 /* NSDate+Utilities.h */; };
		10F8B8AE1D41F7E400010A08 /* NSDate+Utilities.m in Sources */ = {isa = PBXBuildFile; fileRef = 10F8B8901D41F7E400010A08 /* NSDate+Utilities.m */; };
		10F8B8AF1D41F7E400010A08 /* NSTimer+Addition.h in Headers */ = {isa = PBXBuildFile; fileRef = 10F8B8921D41F7E400010A08 /* NSTimer+Addition.h */; };
		10F8B8B01D41F7E400010A08 /* NSTimer+Addition.m in Sources */ = {isa = PBXBuildFile; fileRef = 10F8B8931D41F7E400010A08 /* NSTimer+Addition.m */; };
		10F8B8B11D41F7E400010A08 /* UIButton+Block.h in Headers */ = {isa = PBXBuildFile; fileRef = 10F8B8951D41F7E400010A08 /* UIButton+Block.h */; };
		10F8B8B21D41F7E400010A08 /* UIButton+Block.m in Sources */ = {isa = PBXBuildFile; fileRef = 10F8B8961D41F7E400010A08 /* UIButton+Block.m */; };
		10F8B8B31D41F7E400010A08 /* UIButton+Helper.h in Headers */ = {isa = PBXBuildFile; fileRef = 10F8B8971D41F7E400010A08 /* UIButton+Helper.h */; };
		10F8B8B41D41F7E400010A08 /* UIButton+Helper.m in Sources */ = {isa = PBXBuildFile; fileRef = 10F8B8981D41F7E400010A08 /* UIButton+Helper.m */; };
		10F8B8B51D41F7E400010A08 /* UIImage+ImageEffects.h in Headers */ = {isa = PBXBuildFile; fileRef = 10F8B89A1D41F7E400010A08 /* UIImage+ImageEffects.h */; };
		10F8B8B61D41F7E400010A08 /* UIImage+ImageEffects.m in Sources */ = {isa = PBXBuildFile; fileRef = 10F8B89B1D41F7E400010A08 /* UIImage+ImageEffects.m */; };
		10F8B8B71D41F7E400010A08 /* UILabel+CountDown.h in Headers */ = {isa = PBXBuildFile; fileRef = 10F8B89D1D41F7E400010A08 /* UILabel+CountDown.h */; };
		10F8B8B81D41F7E400010A08 /* UILabel+CountDown.m in Sources */ = {isa = PBXBuildFile; fileRef = 10F8B89E1D41F7E400010A08 /* UILabel+CountDown.m */; };
		10F8B8B91D41F7E400010A08 /* UINavigationBar+Custom.h in Headers */ = {isa = PBXBuildFile; fileRef = 10F8B8A01D41F7E400010A08 /* UINavigationBar+Custom.h */; };
		10F8B8BA1D41F7E400010A08 /* UINavigationBar+Custom.m in Sources */ = {isa = PBXBuildFile; fileRef = 10F8B8A11D41F7E400010A08 /* UINavigationBar+Custom.m */; };
		10F8B8BB1D41F7E400010A08 /* UINavigationBar+LSYExtension.h in Headers */ = {isa = PBXBuildFile; fileRef = 10F8B8A21D41F7E400010A08 /* UINavigationBar+LSYExtension.h */; };
		10F8B8BC1D41F7E400010A08 /* UINavigationBar+LSYExtension.m in Sources */ = {isa = PBXBuildFile; fileRef = 10F8B8A31D41F7E400010A08 /* UINavigationBar+LSYExtension.m */; };
		10F8B8BD1D41F7E400010A08 /* UINavigationController+LSYExtension.h in Headers */ = {isa = PBXBuildFile; fileRef = 10F8B8A51D41F7E400010A08 /* UINavigationController+LSYExtension.h */; };
		10F8B8BE1D41F7E400010A08 /* UINavigationController+LSYExtension.m in Sources */ = {isa = PBXBuildFile; fileRef = 10F8B8A61D41F7E400010A08 /* UINavigationController+LSYExtension.m */; };
		10F8B8BF1D41F7E400010A08 /* UIView+Block.h in Headers */ = {isa = PBXBuildFile; fileRef = 10F8B8A81D41F7E400010A08 /* UIView+Block.h */; };
		10F8B8C01D41F7E400010A08 /* UIView+Block.m in Sources */ = {isa = PBXBuildFile; fileRef = 10F8B8A91D41F7E400010A08 /* UIView+Block.m */; };
		10F8B8C11D41F7E400010A08 /* UIViewController+LSYExtension.h in Headers */ = {isa = PBXBuildFile; fileRef = 10F8B8AB1D41F7E400010A08 /* UIViewController+LSYExtension.h */; };
		10F8B8C21D41F7E400010A08 /* UIViewController+LSYExtension.m in Sources */ = {isa = PBXBuildFile; fileRef = 10F8B8AC1D41F7E400010A08 /* UIViewController+LSYExtension.m */; };
		4CB7B79A1D7954C7008B88DD /* UIDevice+LKAdd.h in Headers */ = {isa = PBXBuildFile; fileRef = 4CB7B7981D7954C7008B88DD /* UIDevice+LKAdd.h */; };
		4CB7B79B1D7954C7008B88DD /* UIDevice+LKAdd.m in Sources */ = {isa = PBXBuildFile; fileRef = 4CB7B7991D7954C7008B88DD /* UIDevice+LKAdd.m */; };
		CB4C014C7BF201C6FFEEE411 /* libPods-LKKit.a in Frameworks */ = {isa = PBXBuildFile; fileRef = 6C5FB93D6F791353928B7DAA /* libPods-LKKit.a */; };
/* End PBXBuildFile section */

/* Begin PBXFileReference section */
		1014EC3B1D40BEEE000D5007 /* libLKKit.a */ = {isa = PBXFileReference; explicitFileType = archive.ar; includeInIndex = 0; path = libLKKit.a; sourceTree = BUILT_PRODUCTS_DIR; };
		1014EC3E1D40BEEE000D5007 /* LKKit.h */ = {isa = PBXFileReference; lastKnownFileType = sourcecode.c.h; path = LKKit.h; sourceTree = "<group>"; };
		1014EC751D40C097000D5007 /* LKMacros.h */ = {isa = PBXFileReference; fileEncoding = 4; lastKnownFileType = sourcecode.c.h; path = LKMacros.h; sourceTree = "<group>"; };
		1054D1BB1D41BFB9006EF700 /* NSData+AES.h */ = {isa = PBXFileReference; fileEncoding = 4; lastKnownFileType = sourcecode.c.h; path = "NSData+AES.h"; sourceTree = "<group>"; };
		1054D1BC1D41BFB9006EF700 /* NSData+AES.m */ = {isa = PBXFileReference; fileEncoding = 4; lastKnownFileType = sourcecode.c.objc; path = "NSData+AES.m"; sourceTree = "<group>"; };
		1054D1C01D41BFB9006EF700 /* LSYReminderPatternView.h */ = {isa = PBXFileReference; fileEncoding = 4; lastKnownFileType = sourcecode.c.h; path = LSYReminderPatternView.h; sourceTree = "<group>"; };
		1054D1C11D41BFB9006EF700 /* LSYReminderPatternView.m */ = {isa = PBXFileReference; fileEncoding = 4; lastKnownFileType = sourcecode.c.objc; path = LSYReminderPatternView.m; sourceTree = "<group>"; };
		1054D1C21D41BFB9006EF700 /* LSYReminderTextView.h */ = {isa = PBXFileReference; fileEncoding = 4; lastKnownFileType = sourcecode.c.h; path = LSYReminderTextView.h; sourceTree = "<group>"; };
		1054D1C31D41BFB9006EF700 /* LSYReminderTextView.m */ = {isa = PBXFileReference; fileEncoding = 4; lastKnownFileType = sourcecode.c.objc; path = LSYReminderTextView.m; sourceTree = "<group>"; };
		1054D1C41D41BFB9006EF700 /* LVHUD.h */ = {isa = PBXFileReference; fileEncoding = 4; lastKnownFileType = sourcecode.c.h; path = LVHUD.h; sourceTree = "<group>"; };
		1054D1C51D41BFB9006EF700 /* LVHUD.m */ = {isa = PBXFileReference; fileEncoding = 4; lastKnownFileType = sourcecode.c.objc; path = LVHUD.m; sourceTree = "<group>"; };
		1054D1C61D41BFB9006EF700 /* ReminderHUD.h */ = {isa = PBXFileReference; fileEncoding = 4; lastKnownFileType = sourcecode.c.h; path = ReminderHUD.h; sourceTree = "<group>"; };
		1054D1C71D41BFB9006EF700 /* ReminderHUD.m */ = {isa = PBXFileReference; fileEncoding = 4; lastKnownFileType = sourcecode.c.objc; path = ReminderHUD.m; sourceTree = "<group>"; };
		1054D1C81D41BFB9006EF700 /* LVUIUtils.h */ = {isa = PBXFileReference; fileEncoding = 4; lastKnownFileType = sourcecode.c.h; path = LVUIUtils.h; sourceTree = "<group>"; };
		1054D1C91D41BFB9006EF700 /* LVUIUtils.m */ = {isa = PBXFileReference; fileEncoding = 4; lastKnownFileType = sourcecode.c.objc; path = LVUIUtils.m; sourceTree = "<group>"; };
		1054D1CA1D41BFB9006EF700 /* UnDeallocModels.h */ = {isa = PBXFileReference; fileEncoding = 4; lastKnownFileType = sourcecode.c.h; path = UnDeallocModels.h; sourceTree = "<group>"; };
		1054D1CB1D41BFB9006EF700 /* UnDeallocModels.m */ = {isa = PBXFileReference; fileEncoding = 4; lastKnownFileType = sourcecode.c.objc; path = UnDeallocModels.m; sourceTree = "<group>"; };
		1054D1DE1D41BFC5006EF700 /* LVBottomSheetView.h */ = {isa = PBXFileReference; fileEncoding = 4; lastKnownFileType = sourcecode.c.h; path = LVBottomSheetView.h; sourceTree = "<group>"; };
		1054D1DF1D41BFC5006EF700 /* LVBottomSheetView.m */ = {isa = PBXFileReference; fileEncoding = 4; lastKnownFileType = sourcecode.c.objc; path = LVBottomSheetView.m; sourceTree = "<group>"; };
		1054D1E11D41BFC5006EF700 /* LVConnectStatusInfoView.h */ = {isa = PBXFileReference; fileEncoding = 4; lastKnownFileType = sourcecode.c.h; path = LVConnectStatusInfoView.h; sourceTree = "<group>"; };
		1054D1E21D41BFC5006EF700 /* LVConnectStatusInfoView.m */ = {isa = PBXFileReference; fileEncoding = 4; lastKnownFileType = sourcecode.c.objc; path = LVConnectStatusInfoView.m; sourceTree = "<group>"; };
		1054D1E41D41BFC5006EF700 /* LVGrowingTextView.h */ = {isa = PBXFileReference; fileEncoding = 4; lastKnownFileType = sourcecode.c.h; path = LVGrowingTextView.h; sourceTree = "<group>"; };
		1054D1E51D41BFC5006EF700 /* LVGrowingTextView.m */ = {isa = PBXFileReference; fileEncoding = 4; lastKnownFileType = sourcecode.c.objc; path = LVGrowingTextView.m; sourceTree = "<group>"; };
		1054D1E71D41BFC5006EF700 /* LSYHeaderMenuSubView.h */ = {isa = PBXFileReference; fileEncoding = 4; lastKnownFileType = sourcecode.c.h; path = LSYHeaderMenuSubView.h; sourceTree = "<group>"; };
		1054D1E81D41BFC5006EF700 /* LSYHeaderMenuSubView.m */ = {isa = PBXFileReference; fileEncoding = 4; lastKnownFileType = sourcecode.c.objc; path = LSYHeaderMenuSubView.m; sourceTree = "<group>"; };
		1054D1E91D41BFC5006EF700 /* LSYHeaderMenuView.h */ = {isa = PBXFileReference; fileEncoding = 4; lastKnownFileType = sourcecode.c.h; path = LSYHeaderMenuView.h; sourceTree = "<group>"; };
		1054D1EA1D41BFC5006EF700 /* LSYHeaderMenuView.m */ = {isa = PBXFileReference; fileEncoding = 4; lastKnownFileType = sourcecode.c.objc; path = LSYHeaderMenuView.m; sourceTree = "<group>"; };
		1054D1EB1D41BFC5006EF700 /* LSYZoomableLabel.h */ = {isa = PBXFileReference; fileEncoding = 4; lastKnownFileType = sourcecode.c.h; path = LSYZoomableLabel.h; sourceTree = "<group>"; };
		1054D1EC1D41BFC5006EF700 /* LSYZoomableLabel.m */ = {isa = PBXFileReference; fileEncoding = 4; lastKnownFileType = sourcecode.c.objc; path = LSYZoomableLabel.m; sourceTree = "<group>"; };
		1054D1EE1D41BFC5006EF700 /* LSYNLineView.h */ = {isa = PBXFileReference; fileEncoding = 4; lastKnownFileType = sourcecode.c.h; path = LSYNLineView.h; sourceTree = "<group>"; };
		1054D1EF1D41BFC5006EF700 /* LSYNLineView.m */ = {isa = PBXFileReference; fileEncoding = 4; lastKnownFileType = sourcecode.c.objc; path = LSYNLineView.m; sourceTree = "<group>"; };
		1054D1F01D41BFC5006EF700 /* LVLineView.h */ = {isa = PBXFileReference; fileEncoding = 4; lastKnownFileType = sourcecode.c.h; path = LVLineView.h; sourceTree = "<group>"; };
		1054D1F11D41BFC5006EF700 /* LVLineView.m */ = {isa = PBXFileReference; fileEncoding = 4; lastKnownFileType = sourcecode.c.objc; path = LVLineView.m; sourceTree = "<group>"; };
		1054D1F31D41BFC5006EF700 /* LVHourGlassView.h */ = {isa = PBXFileReference; fileEncoding = 4; lastKnownFileType = sourcecode.c.h; path = LVHourGlassView.h; sourceTree = "<group>"; };
		1054D1F41D41BFC5006EF700 /* LVHourGlassView.m */ = {isa = PBXFileReference; fileEncoding = 4; lastKnownFileType = sourcecode.c.objc; path = LVHourGlassView.m; sourceTree = "<group>"; };
		1054D1F51D41BFC5006EF700 /* LVLoadingAnimation.h */ = {isa = PBXFileReference; fileEncoding = 4; lastKnownFileType = sourcecode.c.h; path = LVLoadingAnimation.h; sourceTree = "<group>"; };
		1054D1F61D41BFC5006EF700 /* LVLoadingAnimation.m */ = {isa = PBXFileReference; fileEncoding = 4; lastKnownFileType = sourcecode.c.objc; path = LVLoadingAnimation.m; sourceTree = "<group>"; };
		1054D1F71D41BFC5006EF700 /* LVLoadingView.h */ = {isa = PBXFileReference; fileEncoding = 4; lastKnownFileType = sourcecode.c.h; path = LVLoadingView.h; sourceTree = "<group>"; };
		1054D1F81D41BFC5006EF700 /* LVLoadingView.m */ = {isa = PBXFileReference; fileEncoding = 4; lastKnownFileType = sourcecode.c.objc; path = LVLoadingView.m; sourceTree = "<group>"; };
		1054D1F91D41BFC5006EF700 /* LVSpringIndicator.h */ = {isa = PBXFileReference; fileEncoding = 4; lastKnownFileType = sourcecode.c.h; path = LVSpringIndicator.h; sourceTree = "<group>"; };
		1054D1FA1D41BFC5006EF700 /* LVSpringIndicator.m */ = {isa = PBXFileReference; fileEncoding = 4; lastKnownFileType = sourcecode.c.objc; path = LVSpringIndicator.m; sourceTree = "<group>"; };
		1054D1FC1D41BFC5006EF700 /* LSYNavigationBar.h */ = {isa = PBXFileReference; fileEncoding = 4; lastKnownFileType = sourcecode.c.h; path = LSYNavigationBar.h; sourceTree = "<group>"; };
		1054D1FD1D41BFC5006EF700 /* LSYNavigationBar.m */ = {isa = PBXFileReference; fileEncoding = 4; lastKnownFileType = sourcecode.c.objc; path = LSYNavigationBar.m; sourceTree = "<group>"; };
		1054D1FF1D41BFC5006EF700 /* LSYPopupBaseView.h */ = {isa = PBXFileReference; fileEncoding = 4; lastKnownFileType = sourcecode.c.h; path = LSYPopupBaseView.h; sourceTree = "<group>"; };
		1054D2001D41BFC5006EF700 /* LSYPopupBaseView.m */ = {isa = PBXFileReference; fileEncoding = 4; lastKnownFileType = sourcecode.c.objc; path = LSYPopupBaseView.m; sourceTree = "<group>"; };
		1054D2011D41BFC5006EF700 /* LSYShowAnimation.h */ = {isa = PBXFileReference; fileEncoding = 4; lastKnownFileType = sourcecode.c.h; path = LSYShowAnimation.h; sourceTree = "<group>"; };
		1054D2021D41BFC5006EF700 /* LSYShowAnimation.m */ = {isa = PBXFileReference; fileEncoding = 4; lastKnownFileType = sourcecode.c.objc; path = LSYShowAnimation.m; sourceTree = "<group>"; };
		1054D2041D41BFC5006EF700 /* LSYRoundImageView.h */ = {isa = PBXFileReference; fileEncoding = 4; lastKnownFileType = sourcecode.c.h; path = LSYRoundImageView.h; sourceTree = "<group>"; };
		1054D2051D41BFC5006EF700 /* LSYRoundImageView.m */ = {isa = PBXFileReference; fileEncoding = 4; lastKnownFileType = sourcecode.c.objc; path = LSYRoundImageView.m; sourceTree = "<group>"; };
		1054D2071D41BFC5006EF700 /* LSYSectionHeaderView.h */ = {isa = PBXFileReference; fileEncoding = 4; lastKnownFileType = sourcecode.c.h; path = LSYSectionHeaderView.h; sourceTree = "<group>"; };
		1054D2081D41BFC5006EF700 /* LSYSectionHeaderView.m */ = {isa = PBXFileReference; fileEncoding = 4; lastKnownFileType = sourcecode.c.objc; path = LSYSectionHeaderView.m; sourceTree = "<group>"; };
		1054D20A1D41BFC5006EF700 /* LVReminderTextView.h */ = {isa = PBXFileReference; fileEncoding = 4; lastKnownFileType = sourcecode.c.h; path = LVReminderTextView.h; sourceTree = "<group>"; };
		1054D20B1D41BFC5006EF700 /* LVReminderTextView.m */ = {isa = PBXFileReference; fileEncoding = 4; lastKnownFileType = sourcecode.c.objc; path = LVReminderTextView.m; sourceTree = "<group>"; };
		1054D20C1D41BFC5006EF700 /* LVShowPopViewHandler.h */ = {isa = PBXFileReference; fileEncoding = 4; lastKnownFileType = sourcecode.c.h; path = LVShowPopViewHandler.h; sourceTree = "<group>"; };
		1054D20D1D41BFC5006EF700 /* LVShowPopViewHandler.m */ = {isa = PBXFileReference; fileEncoding = 4; lastKnownFileType = sourcecode.c.objc; path = LVShowPopViewHandler.m; sourceTree = "<group>"; };
		1054D2391D41C15C006EF700 /* UIKit.framework */ = {isa = PBXFileReference; lastKnownFileType = wrapper.framework; name = UIKit.framework; path = System/Library/Frameworks/UIKit.framework; sourceTree = SDKROOT; };
		1054D23B1D41C2C1006EF700 /* LSYConstance.h */ = {isa = PBXFileReference; fileEncoding = 4; lastKnownFileType = sourcecode.c.h; path = LSYConstance.h; sourceTree = "<group>"; };
		1054D23C1D41C2C1006EF700 /* LSYConstance.m */ = {isa = PBXFileReference; fileEncoding = 4; lastKnownFileType = sourcecode.c.objc; path = LSYConstance.m; sourceTree = "<group>"; };
		10F83C9B1D66AA0100DA4706 /* FTCoreTextViewStyleDefine.h */ = {isa = PBXFileReference; fileEncoding = 4; lastKnownFileType = sourcecode.c.h; path = FTCoreTextViewStyleDefine.h; sourceTree = "<group>"; };
		10F83C9C1D66AA0100DA4706 /* FTCoreTextViewStyleDefine.m */ = {isa = PBXFileReference; fileEncoding = 4; lastKnownFileType = sourcecode.c.objc; path = FTCoreTextViewStyleDefine.m; sourceTree = "<group>"; };
		10F83C9E1D66AA0100DA4706 /* LSYAlertView.h */ = {isa = PBXFileReference; fileEncoding = 4; lastKnownFileType = sourcecode.c.h; path = LSYAlertView.h; sourceTree = "<group>"; };
		10F83C9F1D66AA0100DA4706 /* LSYAlertView.m */ = {isa = PBXFileReference; fileEncoding = 4; lastKnownFileType = sourcecode.c.objc; path = LSYAlertView.m; sourceTree = "<group>"; };
		10F83CA51D66AB3D00DA4706 /* LSYAlertView.bundle */ = {isa = PBXFileReference; lastKnownFileType = "wrapper.plug-in"; path = LSYAlertView.bundle; sourceTree = "<group>"; };
		10F8B88F1D41F7E400010A08 /* NSDate+Utilities.h */ = {isa = PBXFileReference; fileEncoding = 4; lastKnownFileType = sourcecode.c.h; path = "NSDate+Utilities.h"; sourceTree = "<group>"; };
		10F8B8901D41F7E400010A08 /* NSDate+Utilities.m */ = {isa = PBXFileReference; fileEncoding = 4; lastKnownFileType = sourcecode.c.objc; path = "NSDate+Utilities.m"; sourceTree = "<group>"; };
		10F8B8921D41F7E400010A08 /* NSTimer+Addition.h */ = {isa = PBXFileReference; fileEncoding = 4; lastKnownFileType = sourcecode.c.h; path = "NSTimer+Addition.h"; sourceTree = "<group>"; };
		10F8B8931D41F7E400010A08 /* NSTimer+Addition.m */ = {isa = PBXFileReference; fileEncoding = 4; lastKnownFileType = sourcecode.c.objc; path = "NSTimer+Addition.m"; sourceTree = "<group>"; };
		10F8B8951D41F7E400010A08 /* UIButton+Block.h */ = {isa = PBXFileReference; fileEncoding = 4; lastKnownFileType = sourcecode.c.h; path = "UIButton+Block.h"; sourceTree = "<group>"; };
		10F8B8961D41F7E400010A08 /* UIButton+Block.m */ = {isa = PBXFileReference; fileEncoding = 4; lastKnownFileType = sourcecode.c.objc; path = "UIButton+Block.m"; sourceTree = "<group>"; };
		10F8B8971D41F7E400010A08 /* UIButton+Helper.h */ = {isa = PBXFileReference; fileEncoding = 4; lastKnownFileType = sourcecode.c.h; path = "UIButton+Helper.h"; sourceTree = "<group>"; };
		10F8B8981D41F7E400010A08 /* UIButton+Helper.m */ = {isa = PBXFileReference; fileEncoding = 4; lastKnownFileType = sourcecode.c.objc; path = "UIButton+Helper.m"; sourceTree = "<group>"; };
		10F8B89A1D41F7E400010A08 /* UIImage+ImageEffects.h */ = {isa = PBXFileReference; fileEncoding = 4; lastKnownFileType = sourcecode.c.h; path = "UIImage+ImageEffects.h"; sourceTree = "<group>"; };
		10F8B89B1D41F7E400010A08 /* UIImage+ImageEffects.m */ = {isa = PBXFileReference; fileEncoding = 4; lastKnownFileType = sourcecode.c.objc; path = "UIImage+ImageEffects.m"; sourceTree = "<group>"; };
		10F8B89D1D41F7E400010A08 /* UILabel+CountDown.h */ = {isa = PBXFileReference; fileEncoding = 4; lastKnownFileType = sourcecode.c.h; path = "UILabel+CountDown.h"; sourceTree = "<group>"; };
		10F8B89E1D41F7E400010A08 /* UILabel+CountDown.m */ = {isa = PBXFileReference; fileEncoding = 4; lastKnownFileType = sourcecode.c.objc; path = "UILabel+CountDown.m"; sourceTree = "<group>"; };
		10F8B8A01D41F7E400010A08 /* UINavigationBar+Custom.h */ = {isa = PBXFileReference; fileEncoding = 4; lastKnownFileType = sourcecode.c.h; path = "UINavigationBar+Custom.h"; sourceTree = "<group>"; };
		10F8B8A11D41F7E400010A08 /* UINavigationBar+Custom.m */ = {isa = PBXFileReference; fileEncoding = 4; lastKnownFileType = sourcecode.c.objc; path = "UINavigationBar+Custom.m"; sourceTree = "<group>"; };
		10F8B8A21D41F7E400010A08 /* UINavigationBar+LSYExtension.h */ = {isa = PBXFileReference; fileEncoding = 4; lastKnownFileType = sourcecode.c.h; path = "UINavigationBar+LSYExtension.h"; sourceTree = "<group>"; };
		10F8B8A31D41F7E400010A08 /* UINavigationBar+LSYExtension.m */ = {isa = PBXFileReference; fileEncoding = 4; lastKnownFileType = sourcecode.c.objc; path = "UINavigationBar+LSYExtension.m"; sourceTree = "<group>"; };
		10F8B8A51D41F7E400010A08 /* UINavigationController+LSYExtension.h */ = {isa = PBXFileReference; fileEncoding = 4; lastKnownFileType = sourcecode.c.h; path = "UINavigationController+LSYExtension.h"; sourceTree = "<group>"; };
		10F8B8A61D41F7E400010A08 /* UINavigationController+LSYExtension.m */ = {isa = PBXFileReference; fileEncoding = 4; lastKnownFileType = sourcecode.c.objc; path = "UINavigationController+LSYExtension.m"; sourceTree = "<group>"; };
		10F8B8A81D41F7E400010A08 /* UIView+Block.h */ = {isa = PBXFileReference; fileEncoding = 4; lastKnownFileType = sourcecode.c.h; path = "UIView+Block.h"; sourceTree = "<group>"; };
		10F8B8A91D41F7E400010A08 /* UIView+Block.m */ = {isa = PBXFileReference; fileEncoding = 4; lastKnownFileType = sourcecode.c.objc; path = "UIView+Block.m"; sourceTree = "<group>"; };
		10F8B8AB1D41F7E400010A08 /* UIViewController+LSYExtension.h */ = {isa = PBXFileReference; fileEncoding = 4; lastKnownFileType = sourcecode.c.h; path = "UIViewController+LSYExtension.h"; sourceTree = "<group>"; };
		10F8B8AC1D41F7E400010A08 /* UIViewController+LSYExtension.m */ = {isa = PBXFileReference; fileEncoding = 4; lastKnownFileType = sourcecode.c.objc; path = "UIViewController+LSYExtension.m"; sourceTree = "<group>"; };
		3DF25C6C1171CE803B4C9054 /* Pods-LKKit.debug.xcconfig */ = {isa = PBXFileReference; includeInIndex = 1; lastKnownFileType = text.xcconfig; name = "Pods-LKKit.debug.xcconfig"; path = "../Pods/Target Support Files/Pods-LKKit/Pods-LKKit.debug.xcconfig"; sourceTree = "<group>"; };
		4CB7B7981D7954C7008B88DD /* UIDevice+LKAdd.h */ = {isa = PBXFileReference; fileEncoding = 4; lastKnownFileType = sourcecode.c.h; path = "UIDevice+LKAdd.h"; sourceTree = "<group>"; };
		4CB7B7991D7954C7008B88DD /* UIDevice+LKAdd.m */ = {isa = PBXFileReference; fileEncoding = 4; lastKnownFileType = sourcecode.c.objc; path = "UIDevice+LKAdd.m"; sourceTree = "<group>"; };
		65CB4B6C11E3F0739506CB90 /* Pods-LKKit.debug.xcconfig */ = {isa = PBXFileReference; includeInIndex = 1; lastKnownFileType = text.xcconfig; name = "Pods-LKKit.debug.xcconfig"; path = "Pods/Target Support Files/Pods-LKKit/Pods-LKKit.debug.xcconfig"; sourceTree = "<group>"; };
		6C5FB93D6F791353928B7DAA /* libPods-LKKit.a */ = {isa = PBXFileReference; explicitFileType = archive.ar; includeInIndex = 0; path = "libPods-LKKit.a"; sourceTree = BUILT_PRODUCTS_DIR; };
		8A9CBAD3636C11C81AF7AFF7 /* Pods-LKKit.release.xcconfig */ = {isa = PBXFileReference; includeInIndex = 1; lastKnownFileType = text.xcconfig; name = "Pods-LKKit.release.xcconfig"; path = "../Pods/Target Support Files/Pods-LKKit/Pods-LKKit.release.xcconfig"; sourceTree = "<group>"; };
		E69D1967352A16F4F7E209D6 /* Pods-LKKit.release.xcconfig */ = {isa = PBXFileReference; includeInIndex = 1; lastKnownFileType = text.xcconfig; name = "Pods-LKKit.release.xcconfig"; path = "Pods/Target Support Files/Pods-LKKit/Pods-LKKit.release.xcconfig"; sourceTree = "<group>"; };
/* End PBXFileReference section */

/* Begin PBXFrameworksBuildPhase section */
		1014EC381D40BEEE000D5007 /* Frameworks */ = {
			isa = PBXFrameworksBuildPhase;
			buildActionMask = 2147483647;
			files = (
				1054D23A1D41C15C006EF700 /* UIKit.framework in Frameworks */,
				CB4C014C7BF201C6FFEEE411 /* libPods-LKKit.a in Frameworks */,
			);
			runOnlyForDeploymentPostprocessing = 0;
		};
/* End PBXFrameworksBuildPhase section */

/* Begin PBXGroup section */
		1014EC321D40BEEE000D5007 = {
			isa = PBXGroup;
			children = (
				1014EC3D1D40BEEE000D5007 /* LKKit */,
				1014EC3C1D40BEEE000D5007 /* Products */,
				76B252D4B576290A87837FBD /* Pods */,
				ADEF6F18E73E5F4C0B6733A5 /* Frameworks */,
			);
			sourceTree = "<group>";
		};
		1014EC3C1D40BEEE000D5007 /* Products */ = {
			isa = PBXGroup;
			children = (
				1014EC3B1D40BEEE000D5007 /* libLKKit.a */,
			);
			name = Products;
			sourceTree = "<group>";
		};
		1014EC3D1D40BEEE000D5007 /* LKKit */ = {
			isa = PBXGroup;
			children = (
				10F83CA41D66AB3D00DA4706 /* Resource */,
				10F8B88D1D41F7E400010A08 /* Category */,
				1014EC741D40C097000D5007 /* Macros */,
				1054D1B91D41BFB9006EF700 /* Utils */,
				1054D1DC1D41BFC5006EF700 /* Views */,
				1014EC3E1D40BEEE000D5007 /* LKKit.h */,
			);
			path = LKKit;
			sourceTree = "<group>";
		};
		1014EC741D40C097000D5007 /* Macros */ = {
			isa = PBXGroup;
			children = (
				1014EC751D40C097000D5007 /* LKMacros.h */,
				1054D23B1D41C2C1006EF700 /* LSYConstance.h */,
				1054D23C1D41C2C1006EF700 /* LSYConstance.m */,
			);
			path = Macros;
			sourceTree = "<group>";
		};
		1054D1B91D41BFB9006EF700 /* Utils */ = {
			isa = PBXGroup;
			children = (
				1054D1BA1D41BFB9006EF700 /* Cryptology */,
				1054D1BF1D41BFB9006EF700 /* HUD */,
				1054D1C81D41BFB9006EF700 /* LVUIUtils.h */,
				1054D1C91D41BFB9006EF700 /* LVUIUtils.m */,
				1054D1CA1D41BFB9006EF700 /* UnDeallocModels.h */,
				1054D1CB1D41BFB9006EF700 /* UnDeallocModels.m */,
			);
			path = Utils;
			sourceTree = "<group>";
		};
		1054D1BA1D41BFB9006EF700 /* Cryptology */ = {
			isa = PBXGroup;
			children = (
				1054D1BB1D41BFB9006EF700 /* NSData+AES.h */,
				1054D1BC1D41BFB9006EF700 /* NSData+AES.m */,
			);
			path = Cryptology;
			sourceTree = "<group>";
		};
		1054D1BF1D41BFB9006EF700 /* HUD */ = {
			isa = PBXGroup;
			children = (
				1054D1C01D41BFB9006EF700 /* LSYReminderPatternView.h */,
				1054D1C11D41BFB9006EF700 /* LSYReminderPatternView.m */,
				1054D1C21D41BFB9006EF700 /* LSYReminderTextView.h */,
				1054D1C31D41BFB9006EF700 /* LSYReminderTextView.m */,
				1054D1C41D41BFB9006EF700 /* LVHUD.h */,
				1054D1C51D41BFB9006EF700 /* LVHUD.m */,
				1054D1C61D41BFB9006EF700 /* ReminderHUD.h */,
				1054D1C71D41BFB9006EF700 /* ReminderHUD.m */,
			);
			path = HUD;
			sourceTree = "<group>";
		};
		1054D1DC1D41BFC5006EF700 /* Views */ = {
			isa = PBXGroup;
			children = (
				10F83C9A1D66AA0100DA4706 /* AlertView */,
				1054D1DD1D41BFC5006EF700 /* BottomSheet */,
				1054D1E01D41BFC5006EF700 /* ConnectStatusInfoView */,
				1054D1E31D41BFC5006EF700 /* GrowingTextView */,
				1054D1E61D41BFC5006EF700 /* HeaderMenuView */,
				1054D1ED1D41BFC5006EF700 /* LineView */,
				1054D1F21D41BFC5006EF700 /* LoadingView */,
				1054D1FB1D41BFC5006EF700 /* NavigationBar */,
				1054D1FE1D41BFC5006EF700 /* PopupView */,
				1054D2031D41BFC5006EF700 /* RoundImageView */,
				1054D2061D41BFC5006EF700 /* SectionHeaderView */,
				1054D2091D41BFC5006EF700 /* ShowPopViewHandler */,
			);
			path = Views;
			sourceTree = "<group>";
		};
		1054D1DD1D41BFC5006EF700 /* BottomSheet */ = {
			isa = PBXGroup;
			children = (
				1054D1DE1D41BFC5006EF700 /* LVBottomSheetView.h */,
				1054D1DF1D41BFC5006EF700 /* LVBottomSheetView.m */,
			);
			path = BottomSheet;
			sourceTree = "<group>";
		};
		1054D1E01D41BFC5006EF700 /* ConnectStatusInfoView */ = {
			isa = PBXGroup;
			children = (
				1054D1E11D41BFC5006EF700 /* LVConnectStatusInfoView.h */,
				1054D1E21D41BFC5006EF700 /* LVConnectStatusInfoView.m */,
			);
			path = ConnectStatusInfoView;
			sourceTree = "<group>";
		};
		1054D1E31D41BFC5006EF700 /* GrowingTextView */ = {
			isa = PBXGroup;
			children = (
				1054D1E41D41BFC5006EF700 /* LVGrowingTextView.h */,
				1054D1E51D41BFC5006EF700 /* LVGrowingTextView.m */,
			);
			path = GrowingTextView;
			sourceTree = "<group>";
		};
		1054D1E61D41BFC5006EF700 /* HeaderMenuView */ = {
			isa = PBXGroup;
			children = (
				1054D1E71D41BFC5006EF700 /* LSYHeaderMenuSubView.h */,
				1054D1E81D41BFC5006EF700 /* LSYHeaderMenuSubView.m */,
				1054D1E91D41BFC5006EF700 /* LSYHeaderMenuView.h */,
				1054D1EA1D41BFC5006EF700 /* LSYHeaderMenuView.m */,
				1054D1EB1D41BFC5006EF700 /* LSYZoomableLabel.h */,
				1054D1EC1D41BFC5006EF700 /* LSYZoomableLabel.m */,
			);
			path = HeaderMenuView;
			sourceTree = "<group>";
		};
		1054D1ED1D41BFC5006EF700 /* LineView */ = {
			isa = PBXGroup;
			children = (
				1054D1EE1D41BFC5006EF700 /* LSYNLineView.h */,
				1054D1EF1D41BFC5006EF700 /* LSYNLineView.m */,
				1054D1F01D41BFC5006EF700 /* LVLineView.h */,
				1054D1F11D41BFC5006EF700 /* LVLineView.m */,
			);
			path = LineView;
			sourceTree = "<group>";
		};
		1054D1F21D41BFC5006EF700 /* LoadingView */ = {
			isa = PBXGroup;
			children = (
				1054D1F31D41BFC5006EF700 /* LVHourGlassView.h */,
				1054D1F41D41BFC5006EF700 /* LVHourGlassView.m */,
				1054D1F51D41BFC5006EF700 /* LVLoadingAnimation.h */,
				1054D1F61D41BFC5006EF700 /* LVLoadingAnimation.m */,
				1054D1F71D41BFC5006EF700 /* LVLoadingView.h */,
				1054D1F81D41BFC5006EF700 /* LVLoadingView.m */,
				1054D1F91D41BFC5006EF700 /* LVSpringIndicator.h */,
				1054D1FA1D41BFC5006EF700 /* LVSpringIndicator.m */,
			);
			path = LoadingView;
			sourceTree = "<group>";
		};
		1054D1FB1D41BFC5006EF700 /* NavigationBar */ = {
			isa = PBXGroup;
			children = (
				1054D1FC1D41BFC5006EF700 /* LSYNavigationBar.h */,
				1054D1FD1D41BFC5006EF700 /* LSYNavigationBar.m */,
			);
			path = NavigationBar;
			sourceTree = "<group>";
		};
		1054D1FE1D41BFC5006EF700 /* PopupView */ = {
			isa = PBXGroup;
			children = (
				1054D1FF1D41BFC5006EF700 /* LSYPopupBaseView.h */,
				1054D2001D41BFC5006EF700 /* LSYPopupBaseView.m */,
				1054D2011D41BFC5006EF700 /* LSYShowAnimation.h */,
				1054D2021D41BFC5006EF700 /* LSYShowAnimation.m */,
			);
			path = PopupView;
			sourceTree = "<group>";
		};
		1054D2031D41BFC5006EF700 /* RoundImageView */ = {
			isa = PBXGroup;
			children = (
				1054D2041D41BFC5006EF700 /* LSYRoundImageView.h */,
				1054D2051D41BFC5006EF700 /* LSYRoundImageView.m */,
			);
			path = RoundImageView;
			sourceTree = "<group>";
		};
		1054D2061D41BFC5006EF700 /* SectionHeaderView */ = {
			isa = PBXGroup;
			children = (
				1054D2071D41BFC5006EF700 /* LSYSectionHeaderView.h */,
				1054D2081D41BFC5006EF700 /* LSYSectionHeaderView.m */,
			);
			path = SectionHeaderView;
			sourceTree = "<group>";
		};
		1054D2091D41BFC5006EF700 /* ShowPopViewHandler */ = {
			isa = PBXGroup;
			children = (
				1054D20A1D41BFC5006EF700 /* LVReminderTextView.h */,
				1054D20B1D41BFC5006EF700 /* LVReminderTextView.m */,
				1054D20C1D41BFC5006EF700 /* LVShowPopViewHandler.h */,
				1054D20D1D41BFC5006EF700 /* LVShowPopViewHandler.m */,
			);
			path = ShowPopViewHandler;
			sourceTree = "<group>";
		};
		10F83C9A1D66AA0100DA4706 /* AlertView */ = {
			isa = PBXGroup;
			children = (
				10F83C9B1D66AA0100DA4706 /* FTCoreTextViewStyleDefine.h */,
				10F83C9C1D66AA0100DA4706 /* FTCoreTextViewStyleDefine.m */,
				10F83C9E1D66AA0100DA4706 /* LSYAlertView.h */,
				10F83C9F1D66AA0100DA4706 /* LSYAlertView.m */,
			);
			path = AlertView;
			sourceTree = "<group>";
		};
		10F83CA41D66AB3D00DA4706 /* Resource */ = {
			isa = PBXGroup;
			children = (
				10F83CA51D66AB3D00DA4706 /* LSYAlertView.bundle */,
			);
			path = Resource;
			sourceTree = "<group>";
		};
		10F8B88D1D41F7E400010A08 /* Category */ = {
			isa = PBXGroup;
			children = (
				4CB7B7971D7954C7008B88DD /* UIDevice+ */,
				10F8B88E1D41F7E400010A08 /* NSDate+Utilities */,
				10F8B8911D41F7E400010A08 /* NSTimer+ */,
				10F8B8941D41F7E400010A08 /* UIButton+ */,
				10F8B8991D41F7E400010A08 /* UIImage+ImageEffects */,
				10F8B89C1D41F7E400010A08 /* UILabel+CountDown */,
				10F8B89F1D41F7E400010A08 /* UINavigationBar+ */,
				10F8B8A41D41F7E400010A08 /* UINavigationController+ */,
				10F8B8A71D41F7E400010A08 /* UIView+Block */,
				10F8B8AA1D41F7E400010A08 /* UIViewController+ */,
			);
			path = Category;
			sourceTree = "<group>";
		};
		10F8B88E1D41F7E400010A08 /* NSDate+Utilities */ = {
			isa = PBXGroup;
			children = (
				10F8B88F1D41F7E400010A08 /* NSDate+Utilities.h */,
				10F8B8901D41F7E400010A08 /* NSDate+Utilities.m */,
			);
			path = "NSDate+Utilities";
			sourceTree = "<group>";
		};
		10F8B8911D41F7E400010A08 /* NSTimer+ */ = {
			isa = PBXGroup;
			children = (
				10F8B8921D41F7E400010A08 /* NSTimer+Addition.h */,
				10F8B8931D41F7E400010A08 /* NSTimer+Addition.m */,
			);
			path = "NSTimer+";
			sourceTree = "<group>";
		};
		10F8B8941D41F7E400010A08 /* UIButton+ */ = {
			isa = PBXGroup;
			children = (
				10F8B8951D41F7E400010A08 /* UIButton+Block.h */,
				10F8B8961D41F7E400010A08 /* UIButton+Block.m */,
				10F8B8971D41F7E400010A08 /* UIButton+Helper.h */,
				10F8B8981D41F7E400010A08 /* UIButton+Helper.m */,
			);
			path = "UIButton+";
			sourceTree = "<group>";
		};
		10F8B8991D41F7E400010A08 /* UIImage+ImageEffects */ = {
			isa = PBXGroup;
			children = (
				10F8B89A1D41F7E400010A08 /* UIImage+ImageEffects.h */,
				10F8B89B1D41F7E400010A08 /* UIImage+ImageEffects.m */,
			);
			path = "UIImage+ImageEffects";
			sourceTree = "<group>";
		};
		10F8B89C1D41F7E400010A08 /* UILabel+CountDown */ = {
			isa = PBXGroup;
			children = (
				10F8B89D1D41F7E400010A08 /* UILabel+CountDown.h */,
				10F8B89E1D41F7E400010A08 /* UILabel+CountDown.m */,
			);
			path = "UILabel+CountDown";
			sourceTree = "<group>";
		};
		10F8B89F1D41F7E400010A08 /* UINavigationBar+ */ = {
			isa = PBXGroup;
			children = (
				10F8B8A01D41F7E400010A08 /* UINavigationBar+Custom.h */,
				10F8B8A11D41F7E400010A08 /* UINavigationBar+Custom.m */,
				10F8B8A21D41F7E400010A08 /* UINavigationBar+LSYExtension.h */,
				10F8B8A31D41F7E400010A08 /* UINavigationBar+LSYExtension.m */,
			);
			path = "UINavigationBar+";
			sourceTree = "<group>";
		};
		10F8B8A41D41F7E400010A08 /* UINavigationController+ */ = {
			isa = PBXGroup;
			children = (
				10F8B8A51D41F7E400010A08 /* UINavigationController+LSYExtension.h */,
				10F8B8A61D41F7E400010A08 /* UINavigationController+LSYExtension.m */,
			);
			path = "UINavigationController+";
			sourceTree = "<group>";
		};
		10F8B8A71D41F7E400010A08 /* UIView+Block */ = {
			isa = PBXGroup;
			children = (
				10F8B8A81D41F7E400010A08 /* UIView+Block.h */,
				10F8B8A91D41F7E400010A08 /* UIView+Block.m */,
			);
			path = "UIView+Block";
			sourceTree = "<group>";
		};
		10F8B8AA1D41F7E400010A08 /* UIViewController+ */ = {
			isa = PBXGroup;
			children = (
				10F8B8AB1D41F7E400010A08 /* UIViewController+LSYExtension.h */,
				10F8B8AC1D41F7E400010A08 /* UIViewController+LSYExtension.m */,
			);
			path = "UIViewController+";
			sourceTree = "<group>";
		};
		4CB7B7971D7954C7008B88DD /* UIDevice+ */ = {
			isa = PBXGroup;
			children = (
				4CB7B7981D7954C7008B88DD /* UIDevice+LKAdd.h */,
				4CB7B7991D7954C7008B88DD /* UIDevice+LKAdd.m */,
			);
			path = "UIDevice+";
			sourceTree = "<group>";
		};
		76B252D4B576290A87837FBD /* Pods */ = {
			isa = PBXGroup;
			children = (
				3DF25C6C1171CE803B4C9054 /* Pods-LKKit.debug.xcconfig */,
				8A9CBAD3636C11C81AF7AFF7 /* Pods-LKKit.release.xcconfig */,
				65CB4B6C11E3F0739506CB90 /* Pods-LKKit.debug.xcconfig */,
				E69D1967352A16F4F7E209D6 /* Pods-LKKit.release.xcconfig */,
			);
			name = Pods;
			sourceTree = "<group>";
		};
		ADEF6F18E73E5F4C0B6733A5 /* Frameworks */ = {
			isa = PBXGroup;
			children = (
				1054D2391D41C15C006EF700 /* UIKit.framework */,
				6C5FB93D6F791353928B7DAA /* libPods-LKKit.a */,
			);
			name = Frameworks;
			sourceTree = "<group>";
		};
/* End PBXGroup section */

/* Begin PBXHeadersBuildPhase section */
		100C5EA81D40E6F700C44402 /* Headers */ = {
			isa = PBXHeadersBuildPhase;
			buildActionMask = 2147483647;
			files = (
				1054D2251D41BFC5006EF700 /* LVLoadingView.h in Headers */,
				1054D2211D41BFC5006EF700 /* LVHourGlassView.h in Headers */,
				10F8B8C11D41F7E400010A08 /* UIViewController+LSYExtension.h in Headers */,
				1054D2311D41BFC5006EF700 /* LSYSectionHeaderView.h in Headers */,
				1054D22B1D41BFC5006EF700 /* LSYPopupBaseView.h in Headers */,
				1054D2331D41BFC5006EF700 /* LVReminderTextView.h in Headers */,
				1054D2191D41BFC5006EF700 /* LSYHeaderMenuView.h in Headers */,
				1054D2351D41BFC5006EF700 /* LVShowPopViewHandler.h in Headers */,
				10F8B8B31D41F7E400010A08 /* UIButton+Helper.h in Headers */,
				1054D2111D41BFC5006EF700 /* LVBottomSheetView.h in Headers */,
				1054D22F1D41BFC5006EF700 /* LSYRoundImageView.h in Headers */,
				1054D1DA1D41BFB9006EF700 /* UnDeallocModels.h in Headers */,
				1054D2271D41BFC5006EF700 /* LVSpringIndicator.h in Headers */,
				1054D21D1D41BFC5006EF700 /* LSYNLineView.h in Headers */,
				1054D22D1D41BFC5006EF700 /* LSYShowAnimation.h in Headers */,
				10F8B8BF1D41F7E400010A08 /* UIView+Block.h in Headers */,
				100C5EAF1D40E70B00C44402 /* LKMacros.h in Headers */,
				1054D2171D41BFC5006EF700 /* LSYHeaderMenuSubView.h in Headers */,
				1054D2151D41BFC5006EF700 /* LVGrowingTextView.h in Headers */,
				10F83CA01D66AA0100DA4706 /* FTCoreTextViewStyleDefine.h in Headers */,
				10F8B8AF1D41F7E400010A08 /* NSTimer+Addition.h in Headers */,
				1054D2231D41BFC5006EF700 /* LVLoadingAnimation.h in Headers */,
				1054D1CC1D41BFB9006EF700 /* NSData+AES.h in Headers */,
				1054D23D1D41C2C1006EF700 /* LSYConstance.h in Headers */,
				1054D1D61D41BFB9006EF700 /* ReminderHUD.h in Headers */,
				10F83CA21D66AA0100DA4706 /* LSYAlertView.h in Headers */,
				1054D1D81D41BFB9006EF700 /* LVUIUtils.h in Headers */,
				10F8B8BD1D41F7E400010A08 /* UINavigationController+LSYExtension.h in Headers */,
				10F8B8B11D41F7E400010A08 /* UIButton+Block.h in Headers */,
				1054D21B1D41BFC5006EF700 /* LSYZoomableLabel.h in Headers */,
				1054D1D21D41BFB9006EF700 /* LSYReminderTextView.h in Headers */,
				1054D1D01D41BFB9006EF700 /* LSYReminderPatternView.h in Headers */,
				10F8B8B91D41F7E400010A08 /* UINavigationBar+Custom.h in Headers */,
				10F8B8AD1D41F7E400010A08 /* NSDate+Utilities.h in Headers */,
				100C5EB41D40E70B00C44402 /* LKKit.h in Headers */,
				1054D2131D41BFC5006EF700 /* LVConnectStatusInfoView.h in Headers */,
				10F8B8B71D41F7E400010A08 /* UILabel+CountDown.h in Headers */,
				1054D1D41D41BFB9006EF700 /* LVHUD.h in Headers */,
				10F8B8B51D41F7E400010A08 /* UIImage+ImageEffects.h in Headers */,
				1054D2291D41BFC5006EF700 /* LSYNavigationBar.h in Headers */,
				10F8B8BB1D41F7E400010A08 /* UINavigationBar+LSYExtension.h in Headers */,
				1054D21F1D41BFC5006EF700 /* LVLineView.h in Headers */,
				4CB7B79A1D7954C7008B88DD /* UIDevice+LKAdd.h in Headers */,
			);
			runOnlyForDeploymentPostprocessing = 0;
		};
/* End PBXHeadersBuildPhase section */

/* Begin PBXNativeTarget section */
		1014EC3A1D40BEEE000D5007 /* LKKit */ = {
			isa = PBXNativeTarget;
			buildConfigurationList = 1014EC441D40BEEE000D5007 /* Build configuration list for PBXNativeTarget "LKKit" */;
			buildPhases = (
				44CC8ABCB7D375A81E95AF15 /* [CP] Check Pods Manifest.lock */,
				1014EC371D40BEEE000D5007 /* Sources */,
				1014EC381D40BEEE000D5007 /* Frameworks */,
				A71BCCD83755479436C5574D /* [CP] Copy Pods Resources */,
				100C5EA81D40E6F700C44402 /* Headers */,
			);
			buildRules = (
			);
			dependencies = (
			);
			name = LKKit;
			productName = LKKit;
			productReference = 1014EC3B1D40BEEE000D5007 /* libLKKit.a */;
			productType = "com.apple.product-type.library.static";
		};
/* End PBXNativeTarget section */

/* Begin PBXProject section */
		1014EC331D40BEEE000D5007 /* Project object */ = {
			isa = PBXProject;
			attributes = {
				LastUpgradeCheck = 0730;
				ORGANIZATIONNAME = RoyLei;
				TargetAttributes = {
					1014EC3A1D40BEEE000D5007 = {
						CreatedOnToolsVersion = 7.3.1;
					};
				};
			};
			buildConfigurationList = 1014EC361D40BEEE000D5007 /* Build configuration list for PBXProject "LKKit" */;
			compatibilityVersion = "Xcode 3.2";
			developmentRegion = English;
			hasScannedForEncodings = 0;
			knownRegions = (
				en,
			);
			mainGroup = 1014EC321D40BEEE000D5007;
			productRefGroup = 1014EC3C1D40BEEE000D5007 /* Products */;
			projectDirPath = "";
			projectRoot = "";
			targets = (
				1014EC3A1D40BEEE000D5007 /* LKKit */,
			);
		};
/* End PBXProject section */

/* Begin PBXShellScriptBuildPhase section */
		44CC8ABCB7D375A81E95AF15 /* [CP] Check Pods Manifest.lock */ = {
			isa = PBXShellScriptBuildPhase;
			buildActionMask = 2147483647;
			files = (
			);
			inputPaths = (
			);
			name = "[CP] Check Pods Manifest.lock";
			outputPaths = (
			);
			runOnlyForDeploymentPostprocessing = 0;
			shellPath = /bin/sh;
			shellScript = "diff \"${PODS_ROOT}/../Podfile.lock\" \"${PODS_ROOT}/Manifest.lock\" > /dev/null\nif [[ $? != 0 ]] ; then\n    cat << EOM\nerror: The sandbox is not in sync with the Podfile.lock. Run 'pod install' or update your CocoaPods installation.\nEOM\n    exit 1\nfi\n";
			showEnvVarsInLog = 0;
		};
		A71BCCD83755479436C5574D /* [CP] Copy Pods Resources */ = {
			isa = PBXShellScriptBuildPhase;
			buildActionMask = 2147483647;
			files = (
			);
			inputPaths = (
			);
			name = "[CP] Copy Pods Resources";
			outputPaths = (
			);
			runOnlyForDeploymentPostprocessing = 0;
			shellPath = /bin/sh;
			shellScript = "\"${SRCROOT}/Pods/Target Support Files/Pods-LKKit/Pods-LKKit-resources.sh\"\n";
			showEnvVarsInLog = 0;
		};
/* End PBXShellScriptBuildPhase section */

/* Begin PBXSourcesBuildPhase section */
		1014EC371D40BEEE000D5007 /* Sources */ = {
			isa = PBXSourcesBuildPhase;
			buildActionMask = 2147483647;
			files = (
				10F8B8B61D41F7E400010A08 /* UIImage+ImageEffects.m in Sources */,
				1054D2361D41BFC5006EF700 /* LVShowPopViewHandler.m in Sources */,
				1054D21E1D41BFC5006EF700 /* LSYNLineView.m in Sources */,
				10F8B8C21D41F7E400010A08 /* UIViewController+LSYExtension.m in Sources */,
				10F8B8B41D41F7E400010A08 /* UIButton+Helper.m in Sources */,
				1054D2181D41BFC5006EF700 /* LSYHeaderMenuSubView.m in Sources */,
				1054D1CD1D41BFB9006EF700 /* NSData+AES.m in Sources */,
				1054D21C1D41BFC5006EF700 /* LSYZoomableLabel.m in Sources */,
				1054D1D91D41BFB9006EF700 /* LVUIUtils.m in Sources */,
				1054D2341D41BFC5006EF700 /* LVReminderTextView.m in Sources */,
				1054D22C1D41BFC5006EF700 /* LSYPopupBaseView.m in Sources */,
				1054D23E1D41C2C1006EF700 /* LSYConstance.m in Sources */,
				10F8B8C01D41F7E400010A08 /* UIView+Block.m in Sources */,
				1054D22E1D41BFC5006EF700 /* LSYShowAnimation.m in Sources */,
				10F8B8BC1D41F7E400010A08 /* UINavigationBar+LSYExtension.m in Sources */,
				1054D2221D41BFC5006EF700 /* LVHourGlassView.m in Sources */,
				10F83CA11D66AA0100DA4706 /* FTCoreTextViewStyleDefine.m in Sources */,
				10F8B8BE1D41F7E400010A08 /* UINavigationController+LSYExtension.m in Sources */,
				1054D2121D41BFC5006EF700 /* LVBottomSheetView.m in Sources */,
				1054D2301D41BFC5006EF700 /* LSYRoundImageView.m in Sources */,
				10F8B8B81D41F7E400010A08 /* UILabel+CountDown.m in Sources */,
				1054D2261D41BFC5006EF700 /* LVLoadingView.m in Sources */,
				1054D22A1D41BFC5006EF700 /* LSYNavigationBar.m in Sources */,
				10F8B8B01D41F7E400010A08 /* NSTimer+Addition.m in Sources */,
				1054D1DB1D41BFB9006EF700 /* UnDeallocModels.m in Sources */,
				1054D1D31D41BFB9006EF700 /* LSYReminderTextView.m in Sources */,
				1054D21A1D41BFC5006EF700 /* LSYHeaderMenuView.m in Sources */,
				1054D2241D41BFC5006EF700 /* LVLoadingAnimation.m in Sources */,
				1054D1D51D41BFB9006EF700 /* LVHUD.m in Sources */,
				10F8B8B21D41F7E400010A08 /* UIButton+Block.m in Sources */,
				1054D2141D41BFC5006EF700 /* LVConnectStatusInfoView.m in Sources */,
				1054D2321D41BFC5006EF700 /* LSYSectionHeaderView.m in Sources */,
				1054D2201D41BFC5006EF700 /* LVLineView.m in Sources */,
				1054D1D11D41BFB9006EF700 /* LSYReminderPatternView.m in Sources */,
				1054D1D71D41BFB9006EF700 /* ReminderHUD.m in Sources */,
				1054D2281D41BFC5006EF700 /* LVSpringIndicator.m in Sources */,
				10F83CA31D66AA0100DA4706 /* LSYAlertView.m in Sources */,
				1054D2161D41BFC5006EF700 /* LVGrowingTextView.m in Sources */,
				10F8B8BA1D41F7E400010A08 /* UINavigationBar+Custom.m in Sources */,
				4CB7B79B1D7954C7008B88DD /* UIDevice+LKAdd.m in Sources */,
				10F8B8AE1D41F7E400010A08 /* NSDate+Utilities.m in Sources */,
			);
			runOnlyForDeploymentPostprocessing = 0;
		};
/* End PBXSourcesBuildPhase section */

/* Begin XCBuildConfiguration section */
		1014EC421D40BEEE000D5007 /* Debug */ = {
			isa = XCBuildConfiguration;
			buildSettings = {
				ALWAYS_SEARCH_USER_PATHS = NO;
				CLANG_ANALYZER_NONNULL = YES;
				CLANG_CXX_LANGUAGE_STANDARD = "gnu++0x";
				CLANG_CXX_LIBRARY = "libc++";
				CLANG_ENABLE_MODULES = YES;
				CLANG_ENABLE_OBJC_ARC = YES;
				CLANG_WARN_BOOL_CONVERSION = YES;
				CLANG_WARN_CONSTANT_CONVERSION = YES;
				CLANG_WARN_DIRECT_OBJC_ISA_USAGE = YES_ERROR;
				CLANG_WARN_EMPTY_BODY = YES;
				CLANG_WARN_ENUM_CONVERSION = YES;
				CLANG_WARN_INT_CONVERSION = YES;
				CLANG_WARN_OBJC_ROOT_CLASS = YES_ERROR;
				CLANG_WARN_UNREACHABLE_CODE = YES;
				CLANG_WARN__DUPLICATE_METHOD_MATCH = YES;
				"CODE_SIGN_IDENTITY[sdk=iphoneos*]" = "iPhone Developer";
				COPY_PHASE_STRIP = NO;
				DEBUG_INFORMATION_FORMAT = dwarf;
				ENABLE_STRICT_OBJC_MSGSEND = YES;
				ENABLE_TESTABILITY = YES;
				GCC_C_LANGUAGE_STANDARD = gnu99;
				GCC_DYNAMIC_NO_PIC = NO;
				GCC_NO_COMMON_BLOCKS = YES;
				GCC_OPTIMIZATION_LEVEL = 0;
				GCC_PREPROCESSOR_DEFINITIONS = (
					"DEBUG=1",
					"$(inherited)",
				);
				GCC_WARN_64_TO_32_BIT_CONVERSION = YES;
				GCC_WARN_ABOUT_RETURN_TYPE = YES_ERROR;
				GCC_WARN_UNDECLARED_SELECTOR = YES;
				GCC_WARN_UNINITIALIZED_AUTOS = YES_AGGRESSIVE;
				GCC_WARN_UNUSED_FUNCTION = YES;
				GCC_WARN_UNUSED_VARIABLE = YES;
				IPHONEOS_DEPLOYMENT_TARGET = 8.0;
				MTL_ENABLE_DEBUG_INFO = YES;
				ONLY_ACTIVE_ARCH = YES;
				SDKROOT = iphoneos;
			};
			name = Debug;
		};
		1014EC431D40BEEE000D5007 /* Release */ = {
			isa = XCBuildConfiguration;
			buildSettings = {
				ALWAYS_SEARCH_USER_PATHS = NO;
				CLANG_ANALYZER_NONNULL = YES;
				CLANG_CXX_LANGUAGE_STANDARD = "gnu++0x";
				CLANG_CXX_LIBRARY = "libc++";
				CLANG_ENABLE_MODULES = YES;
				CLANG_ENABLE_OBJC_ARC = YES;
				CLANG_WARN_BOOL_CONVERSION = YES;
				CLANG_WARN_CONSTANT_CONVERSION = YES;
				CLANG_WARN_DIRECT_OBJC_ISA_USAGE = YES_ERROR;
				CLANG_WARN_EMPTY_BODY = YES;
				CLANG_WARN_ENUM_CONVERSION = YES;
				CLANG_WARN_INT_CONVERSION = YES;
				CLANG_WARN_OBJC_ROOT_CLASS = YES_ERROR;
				CLANG_WARN_UNREACHABLE_CODE = YES;
				CLANG_WARN__DUPLICATE_METHOD_MATCH = YES;
				"CODE_SIGN_IDENTITY[sdk=iphoneos*]" = "iPhone Developer";
				COPY_PHASE_STRIP = NO;
				DEBUG_INFORMATION_FORMAT = "dwarf-with-dsym";
				ENABLE_NS_ASSERTIONS = NO;
				ENABLE_STRICT_OBJC_MSGSEND = YES;
				GCC_C_LANGUAGE_STANDARD = gnu99;
				GCC_NO_COMMON_BLOCKS = YES;
				GCC_WARN_64_TO_32_BIT_CONVERSION = YES;
				GCC_WARN_ABOUT_RETURN_TYPE = YES_ERROR;
				GCC_WARN_UNDECLARED_SELECTOR = YES;
				GCC_WARN_UNINITIALIZED_AUTOS = YES_AGGRESSIVE;
				GCC_WARN_UNUSED_FUNCTION = YES;
				GCC_WARN_UNUSED_VARIABLE = YES;
				IPHONEOS_DEPLOYMENT_TARGET = 8.0;
				MTL_ENABLE_DEBUG_INFO = NO;
				SDKROOT = iphoneos;
				VALIDATE_PRODUCT = YES;
			};
			name = Release;
		};
		1014EC451D40BEEE000D5007 /* Debug */ = {
			isa = XCBuildConfiguration;
			baseConfigurationReference = 65CB4B6C11E3F0739506CB90 /* Pods-LKKit.debug.xcconfig */;
			buildSettings = {
				OTHER_LDFLAGS = (
					"$(inherited)",
					"-all_load",
				);
				PRODUCT_NAME = "$(TARGET_NAME)";
				SKIP_INSTALL = YES;
			};
			name = Debug;
		};
		1014EC461D40BEEE000D5007 /* Release */ = {
			isa = XCBuildConfiguration;
			baseConfigurationReference = E69D1967352A16F4F7E209D6 /* Pods-LKKit.release.xcconfig */;
			buildSettings = {
				OTHER_LDFLAGS = (
					"$(inherited)",
					"-all_load",
				);
				PRODUCT_NAME = "$(TARGET_NAME)";
				SKIP_INSTALL = YES;
			};
			name = Release;
		};
/* End XCBuildConfiguration section */

/* Begin XCConfigurationList section */
		1014EC361D40BEEE000D5007 /* Build configuration list for PBXProject "LKKit" */ = {
			isa = XCConfigurationList;
			buildConfigurations = (
				1014EC421D40BEEE000D5007 /* Debug */,
				1014EC431D40BEEE000D5007 /* Release */,
			);
			defaultConfigurationIsVisible = 0;
			defaultConfigurationName = Release;
		};
		1014EC441D40BEEE000D5007 /* Build configuration list for PBXNativeTarget "LKKit" */ = {
			isa = XCConfigurationList;
			buildConfigurations = (
				1014EC451D40BEEE000D5007 /* Debug */,
				1014EC461D40BEEE000D5007 /* Release */,
			);
			defaultConfigurationIsVisible = 0;
			defaultConfigurationName = Release;
		};
/* End XCConfigurationList section */
	};
	rootObject = 1014EC331D40BEEE000D5007 /* Project object */;
}
